// !$*UTF8*$!
{
	archiveVersion = 1;
	classes = {
	};
	objectVersion = 56;
	objects = {

/* Begin PBXBuildFile section */
		514924292BBDEA3C00896874 /* CategorysViewSheet.swift in Sources */ = {isa = PBXBuildFile; fileRef = 514924282BBDEA3C00896874 /* CategorysViewSheet.swift */; };
		5149242B2BBDEC0700896874 /* CategoryModel.swift in Sources */ = {isa = PBXBuildFile; fileRef = 5149242A2BBDEC0700896874 /* CategoryModel.swift */; };
		5149242D2BBDFE7700896874 /* LogoYNombrePorTipo.swift in Sources */ = {isa = PBXBuildFile; fileRef = 5149242C2BBDFE7700896874 /* LogoYNombrePorTipo.swift */; };
		514EE20F2B9FF0AA007C644B /* ViewModelIngresos.swift in Sources */ = {isa = PBXBuildFile; fileRef = 514EE20E2B9FF0AA007C644B /* ViewModelIngresos.swift */; };
		514EE2112B9FFD5A007C644B /* GeneralFunctions.swift in Sources */ = {isa = PBXBuildFile; fileRef = 514EE2102B9FFD5A007C644B /* GeneralFunctions.swift */; };
		514EE2132BA09153007C644B /* ListOfRegistros.swift in Sources */ = {isa = PBXBuildFile; fileRef = 514EE2122BA09153007C644B /* ListOfRegistros.swift */; };
		514EE2152BA093BF007C644B /* RegistrosList.swift in Sources */ = {isa = PBXBuildFile; fileRef = 514EE2142BA093BF007C644B /* RegistrosList.swift */; };
		514EE2172BA0E461007C644B /* NewRegistroP1.swift in Sources */ = {isa = PBXBuildFile; fileRef = 514EE2162BA0E461007C644B /* NewRegistroP1.swift */; };
		514EE2192BA0E594007C644B /* MontoTextfield.swift in Sources */ = {isa = PBXBuildFile; fileRef = 514EE2182BA0E594007C644B /* MontoTextfield.swift */; };
		514EE21E2BA2974E007C644B /* LogoCirclePorTipo.swift in Sources */ = {isa = PBXBuildFile; fileRef = 514EE21D2BA2974E007C644B /* LogoCirclePorTipo.swift */; };
		514EE24E2BA54463007C644B /* ListViewItemCard.swift in Sources */ = {isa = PBXBuildFile; fileRef = 514EE24D2BA54463007C644B /* ListViewItemCard.swift */; };
		5152AEC52BBAF87A00F572D7 /* ListViewItem2.swift in Sources */ = {isa = PBXBuildFile; fileRef = 5152AEC42BBAF87A00F572D7 /* ListViewItem2.swift */; };
		5152AEC72BBB005300F572D7 /* LogoCirclePorTipoGrande.swift in Sources */ = {isa = PBXBuildFile; fileRef = 5152AEC62BBB005300F572D7 /* LogoCirclePorTipoGrande.swift */; };
		515C88162BB5F2CE007A8BCD /* DolarModel.swift in Sources */ = {isa = PBXBuildFile; fileRef = 515C88152BB5F2CE007A8BCD /* DolarModel.swift */; };
		515C88182BB5F3B6007A8BCD /* NetworkManager.swift in Sources */ = {isa = PBXBuildFile; fileRef = 515C88172BB5F3B6007A8BCD /* NetworkManager.swift */; };
		515C881A2BB5F413007A8BCD /* DolarView.swift in Sources */ = {isa = PBXBuildFile; fileRef = 515C88192BB5F413007A8BCD /* DolarView.swift */; };
		515C881C2BB5F50D007A8BCD /* NetworkErrors.swift in Sources */ = {isa = PBXBuildFile; fileRef = 515C881B2BB5F50D007A8BCD /* NetworkErrors.swift */; };
		515C881E2BB5F568007A8BCD /* DolarEnum.swift in Sources */ = {isa = PBXBuildFile; fileRef = 515C881D2BB5F568007A8BCD /* DolarEnum.swift */; };
		51870EAD2BB78E7600FDD7CA /* ButtonCuadrado.swift in Sources */ = {isa = PBXBuildFile; fileRef = 51870EAC2BB78E7500FDD7CA /* ButtonCuadrado.swift */; };
		51870EAF2BB7B0A500FDD7CA /* SideMenuView.swift in Sources */ = {isa = PBXBuildFile; fileRef = 51870EAE2BB7B0A500FDD7CA /* SideMenuView.swift */; };
		51870EB12BB7B1B000FDD7CA /* SideMenuHeaderView.swift in Sources */ = {isa = PBXBuildFile; fileRef = 51870EB02BB7B1B000FDD7CA /* SideMenuHeaderView.swift */; };
		51870EB32BB7B87400FDD7CA /* SideMenuRowView.swift in Sources */ = {isa = PBXBuildFile; fileRef = 51870EB22BB7B87400FDD7CA /* SideMenuRowView.swift */; };
		519ABFB22B9BD0AD007B919E /* MangosApp.swift in Sources */ = {isa = PBXBuildFile; fileRef = 519ABFB12B9BD0AD007B919E /* MangosApp.swift */; };
		519ABFB42B9BD0AD007B919E /* Home.swift in Sources */ = {isa = PBXBuildFile; fileRef = 519ABFB32B9BD0AD007B919E /* Home.swift */; };
		519ABFB62B9BD0AF007B919E /* Assets.xcassets in Resources */ = {isa = PBXBuildFile; fileRef = 519ABFB52B9BD0AF007B919E /* Assets.xcassets */; };
		519ABFB92B9BD0AF007B919E /* Preview Assets.xcassets in Resources */ = {isa = PBXBuildFile; fileRef = 519ABFB82B9BD0AF007B919E /* Preview Assets.xcassets */; };
		519ABFC82B9D2434007B919E /* CircleVerMas.swift in Sources */ = {isa = PBXBuildFile; fileRef = 519ABFC72B9D2434007B919E /* CircleVerMas.swift */; };
		519ABFCA2B9D249C007B919E /* CardContainer.swift in Sources */ = {isa = PBXBuildFile; fileRef = 519ABFC92B9D249C007B919E /* CardContainer.swift */; };
		519ABFCC2B9D2572007B919E /* CardMontoHome.swift in Sources */ = {isa = PBXBuildFile; fileRef = 519ABFCB2B9D2572007B919E /* CardMontoHome.swift */; };
		519ABFCE2B9D2A11007B919E /* InfoNameCard.swift in Sources */ = {isa = PBXBuildFile; fileRef = 519ABFCD2B9D2A11007B919E /* InfoNameCard.swift */; };
		519ABFD02B9D2CE2007B919E /* RegistrosModel.swift in Sources */ = {isa = PBXBuildFile; fileRef = 519ABFCF2B9D2CE2007B919E /* RegistrosModel.swift */; };
		519ABFD22B9D2D9E007B919E /* TabBarView.swift in Sources */ = {isa = PBXBuildFile; fileRef = 519ABFD12B9D2D9E007B919E /* TabBarView.swift */; };
		519ABFD42B9D2E8D007B919E /* RegistrosViewModel.swift in Sources */ = {isa = PBXBuildFile; fileRef = 519ABFD32B9D2E8D007B919E /* RegistrosViewModel.swift */; };
		519ABFD82B9D3334007B919E /* Profile.swift in Sources */ = {isa = PBXBuildFile; fileRef = 519ABFD72B9D3334007B919E /* Profile.swift */; };
		519ABFDA2B9D54FE007B919E /* TopCardContainerHome.swift in Sources */ = {isa = PBXBuildFile; fileRef = 519ABFD92B9D54FE007B919E /* TopCardContainerHome.swift */; };
		519ABFDC2B9D5571007B919E /* ListOfMovimientos.swift in Sources */ = {isa = PBXBuildFile; fileRef = 519ABFDB2B9D5571007B919E /* ListOfMovimientos.swift */; };
		519ABFDE2B9D561C007B919E /* AppTheme.swift in Sources */ = {isa = PBXBuildFile; fileRef = 519ABFDD2B9D561C007B919E /* AppTheme.swift */; };
		519ABFE02B9D61AD007B919E /* PlusButton.swift in Sources */ = {isa = PBXBuildFile; fileRef = 519ABFDF2B9D61AD007B919E /* PlusButton.swift */; };
		519ABFE42B9D66C2007B919E /* TabBarCustom.swift in Sources */ = {isa = PBXBuildFile; fileRef = 519ABFE32B9D66C2007B919E /* TabBarCustom.swift */; };
		519ABFE62B9D71FC007B919E /* PlusButton2.swift in Sources */ = {isa = PBXBuildFile; fileRef = 519ABFE52B9D71FC007B919E /* PlusButton2.swift */; };
		519ABFE82B9D7970007B919E /* ButtonAceptar.swift in Sources */ = {isa = PBXBuildFile; fileRef = 519ABFE72B9D7970007B919E /* ButtonAceptar.swift */; };
		519ABFEA2B9D7A18007B919E /* TextfieldGeneral.swift in Sources */ = {isa = PBXBuildFile; fileRef = 519ABFE92B9D7A18007B919E /* TextfieldGeneral.swift */; };
		519ABFEC2B9D7A9C007B919E /* TextFieldNumerico.swift in Sources */ = {isa = PBXBuildFile; fileRef = 519ABFEB2B9D7A9C007B919E /* TextFieldNumerico.swift */; };
		519ABFEE2B9D8061007B919E /* NewRegPart2.swift in Sources */ = {isa = PBXBuildFile; fileRef = 519ABFED2B9D8061007B919E /* NewRegPart2.swift */; };
		51B28A852BABAB9600667F14 /* ListHomeItemCard.swift in Sources */ = {isa = PBXBuildFile; fileRef = 51B28A842BABAB9600667F14 /* ListHomeItemCard.swift */; };
		51B28A872BABC41A00667F14 /* ButtonTipo.swift in Sources */ = {isa = PBXBuildFile; fileRef = 51B28A862BABC41A00667F14 /* ButtonTipo.swift */; };
		51B28AAD2BAF81B300667F14 /* LogoWarning.swift in Sources */ = {isa = PBXBuildFile; fileRef = 51B28AAC2BAF81B300667F14 /* LogoWarning.swift */; };
		51B28AAF2BAF842100667F14 /* TarjetasView.swift in Sources */ = {isa = PBXBuildFile; fileRef = 51B28AAE2BAF842100667F14 /* TarjetasView.swift */; };
		51BBA6542BAF97F000E2D960 /* ViewModelNewRegistro.swift in Sources */ = {isa = PBXBuildFile; fileRef = 51BBA6532BAF97F000E2D960 /* ViewModelNewRegistro.swift */; };
		51C09EDF2BC3747200123BA0 /* EnumIconos.swift in Sources */ = {isa = PBXBuildFile; fileRef = 51C09EDE2BC3747200123BA0 /* EnumIconos.swift */; };
		51D39D512BB6097F00246820 /* DolarViewModel.swift in Sources */ = {isa = PBXBuildFile; fileRef = 51D39D502BB6097F00246820 /* DolarViewModel.swift */; };
		51D4F0292BA794B0008259E3 /* IngresosView.swift in Sources */ = {isa = PBXBuildFile; fileRef = 51D4F0282BA794B0008259E3 /* IngresosView.swift */; };
		51D4F02B2BA7B01F008259E3 /* GastosView.swift in Sources */ = {isa = PBXBuildFile; fileRef = 51D4F02A2BA7B01F008259E3 /* GastosView.swift */; };
		51ED8A342BA91C940079AF36 /* AhorrosView.swift in Sources */ = {isa = PBXBuildFile; fileRef = 51ED8A332BA91C940079AF36 /* AhorrosView.swift */; };
		51EF66DB2BB661A2006DB89F /* DolarCard.swift in Sources */ = {isa = PBXBuildFile; fileRef = 51EF66DA2BB661A2006DB89F /* DolarCard.swift */; };
/* End PBXBuildFile section */

/* Begin PBXFileReference section */
		514924282BBDEA3C00896874 /* CategorysViewSheet.swift */ = {isa = PBXFileReference; lastKnownFileType = sourcecode.swift; path = CategorysViewSheet.swift; sourceTree = "<group>"; };
		5149242A2BBDEC0700896874 /* CategoryModel.swift */ = {isa = PBXFileReference; lastKnownFileType = sourcecode.swift; path = CategoryModel.swift; sourceTree = "<group>"; };
		5149242C2BBDFE7700896874 /* LogoYNombrePorTipo.swift */ = {isa = PBXFileReference; lastKnownFileType = sourcecode.swift; path = LogoYNombrePorTipo.swift; sourceTree = "<group>"; };
		514EE20E2B9FF0AA007C644B /* ViewModelIngresos.swift */ = {isa = PBXFileReference; lastKnownFileType = sourcecode.swift; path = ViewModelIngresos.swift; sourceTree = "<group>"; };
		514EE2102B9FFD5A007C644B /* GeneralFunctions.swift */ = {isa = PBXFileReference; lastKnownFileType = sourcecode.swift; path = GeneralFunctions.swift; sourceTree = "<group>"; };
		514EE2122BA09153007C644B /* ListOfRegistros.swift */ = {isa = PBXFileReference; lastKnownFileType = sourcecode.swift; path = ListOfRegistros.swift; sourceTree = "<group>"; };
		514EE2142BA093BF007C644B /* RegistrosList.swift */ = {isa = PBXFileReference; lastKnownFileType = sourcecode.swift; path = RegistrosList.swift; sourceTree = "<group>"; };
		514EE2162BA0E461007C644B /* NewRegistroP1.swift */ = {isa = PBXFileReference; lastKnownFileType = sourcecode.swift; path = NewRegistroP1.swift; sourceTree = "<group>"; };
		514EE2182BA0E594007C644B /* MontoTextfield.swift */ = {isa = PBXFileReference; lastKnownFileType = sourcecode.swift; path = MontoTextfield.swift; sourceTree = "<group>"; };
		514EE21D2BA2974E007C644B /* LogoCirclePorTipo.swift */ = {isa = PBXFileReference; lastKnownFileType = sourcecode.swift; path = LogoCirclePorTipo.swift; sourceTree = "<group>"; };
		514EE24D2BA54463007C644B /* ListViewItemCard.swift */ = {isa = PBXFileReference; lastKnownFileType = sourcecode.swift; path = ListViewItemCard.swift; sourceTree = "<group>"; };
		5152AEC42BBAF87A00F572D7 /* ListViewItem2.swift */ = {isa = PBXFileReference; lastKnownFileType = sourcecode.swift; path = ListViewItem2.swift; sourceTree = "<group>"; };
		5152AEC62BBB005300F572D7 /* LogoCirclePorTipoGrande.swift */ = {isa = PBXFileReference; lastKnownFileType = sourcecode.swift; path = LogoCirclePorTipoGrande.swift; sourceTree = "<group>"; };
		515C88152BB5F2CE007A8BCD /* DolarModel.swift */ = {isa = PBXFileReference; lastKnownFileType = sourcecode.swift; path = DolarModel.swift; sourceTree = "<group>"; };
		515C88172BB5F3B6007A8BCD /* NetworkManager.swift */ = {isa = PBXFileReference; lastKnownFileType = sourcecode.swift; path = NetworkManager.swift; sourceTree = "<group>"; };
		515C88192BB5F413007A8BCD /* DolarView.swift */ = {isa = PBXFileReference; lastKnownFileType = sourcecode.swift; path = DolarView.swift; sourceTree = "<group>"; };
		515C881B2BB5F50D007A8BCD /* NetworkErrors.swift */ = {isa = PBXFileReference; lastKnownFileType = sourcecode.swift; path = NetworkErrors.swift; sourceTree = "<group>"; };
		515C881D2BB5F568007A8BCD /* DolarEnum.swift */ = {isa = PBXFileReference; lastKnownFileType = sourcecode.swift; path = DolarEnum.swift; sourceTree = "<group>"; };
		51870EAC2BB78E7500FDD7CA /* ButtonCuadrado.swift */ = {isa = PBXFileReference; lastKnownFileType = sourcecode.swift; path = ButtonCuadrado.swift; sourceTree = "<group>"; };
		51870EAE2BB7B0A500FDD7CA /* SideMenuView.swift */ = {isa = PBXFileReference; lastKnownFileType = sourcecode.swift; path = SideMenuView.swift; sourceTree = "<group>"; };
		51870EB02BB7B1B000FDD7CA /* SideMenuHeaderView.swift */ = {isa = PBXFileReference; lastKnownFileType = sourcecode.swift; path = SideMenuHeaderView.swift; sourceTree = "<group>"; };
		51870EB22BB7B87400FDD7CA /* SideMenuRowView.swift */ = {isa = PBXFileReference; lastKnownFileType = sourcecode.swift; path = SideMenuRowView.swift; sourceTree = "<group>"; };
		519ABFAE2B9BD0AD007B919E /* Mangos.app */ = {isa = PBXFileReference; explicitFileType = wrapper.application; includeInIndex = 0; path = Mangos.app; sourceTree = BUILT_PRODUCTS_DIR; };
		519ABFB12B9BD0AD007B919E /* MangosApp.swift */ = {isa = PBXFileReference; lastKnownFileType = sourcecode.swift; path = MangosApp.swift; sourceTree = "<group>"; };
		519ABFB32B9BD0AD007B919E /* Home.swift */ = {isa = PBXFileReference; lastKnownFileType = sourcecode.swift; path = Home.swift; sourceTree = "<group>"; };
		519ABFB52B9BD0AF007B919E /* Assets.xcassets */ = {isa = PBXFileReference; lastKnownFileType = folder.assetcatalog; path = Assets.xcassets; sourceTree = "<group>"; };
		519ABFB82B9BD0AF007B919E /* Preview Assets.xcassets */ = {isa = PBXFileReference; lastKnownFileType = folder.assetcatalog; path = "Preview Assets.xcassets"; sourceTree = "<group>"; };
		519ABFC72B9D2434007B919E /* CircleVerMas.swift */ = {isa = PBXFileReference; lastKnownFileType = sourcecode.swift; path = CircleVerMas.swift; sourceTree = "<group>"; };
		519ABFC92B9D249C007B919E /* CardContainer.swift */ = {isa = PBXFileReference; lastKnownFileType = sourcecode.swift; path = CardContainer.swift; sourceTree = "<group>"; };
		519ABFCB2B9D2572007B919E /* CardMontoHome.swift */ = {isa = PBXFileReference; lastKnownFileType = sourcecode.swift; path = CardMontoHome.swift; sourceTree = "<group>"; };
		519ABFCD2B9D2A11007B919E /* InfoNameCard.swift */ = {isa = PBXFileReference; lastKnownFileType = sourcecode.swift; path = InfoNameCard.swift; sourceTree = "<group>"; };
		519ABFCF2B9D2CE2007B919E /* RegistrosModel.swift */ = {isa = PBXFileReference; lastKnownFileType = sourcecode.swift; path = RegistrosModel.swift; sourceTree = "<group>"; };
		519ABFD12B9D2D9E007B919E /* TabBarView.swift */ = {isa = PBXFileReference; lastKnownFileType = sourcecode.swift; path = TabBarView.swift; sourceTree = "<group>"; };
		519ABFD32B9D2E8D007B919E /* RegistrosViewModel.swift */ = {isa = PBXFileReference; lastKnownFileType = sourcecode.swift; path = RegistrosViewModel.swift; sourceTree = "<group>"; };
		519ABFD72B9D3334007B919E /* Profile.swift */ = {isa = PBXFileReference; lastKnownFileType = sourcecode.swift; path = Profile.swift; sourceTree = "<group>"; };
		519ABFD92B9D54FE007B919E /* TopCardContainerHome.swift */ = {isa = PBXFileReference; lastKnownFileType = sourcecode.swift; path = TopCardContainerHome.swift; sourceTree = "<group>"; };
		519ABFDB2B9D5571007B919E /* ListOfMovimientos.swift */ = {isa = PBXFileReference; lastKnownFileType = sourcecode.swift; path = ListOfMovimientos.swift; sourceTree = "<group>"; };
		519ABFDD2B9D561C007B919E /* AppTheme.swift */ = {isa = PBXFileReference; lastKnownFileType = sourcecode.swift; path = AppTheme.swift; sourceTree = "<group>"; };
		519ABFDF2B9D61AD007B919E /* PlusButton.swift */ = {isa = PBXFileReference; lastKnownFileType = sourcecode.swift; path = PlusButton.swift; sourceTree = "<group>"; };
		519ABFE32B9D66C2007B919E /* TabBarCustom.swift */ = {isa = PBXFileReference; lastKnownFileType = sourcecode.swift; path = TabBarCustom.swift; sourceTree = "<group>"; };
		519ABFE52B9D71FC007B919E /* PlusButton2.swift */ = {isa = PBXFileReference; lastKnownFileType = sourcecode.swift; path = PlusButton2.swift; sourceTree = "<group>"; };
		519ABFE72B9D7970007B919E /* ButtonAceptar.swift */ = {isa = PBXFileReference; lastKnownFileType = sourcecode.swift; path = ButtonAceptar.swift; sourceTree = "<group>"; };
		519ABFE92B9D7A18007B919E /* TextfieldGeneral.swift */ = {isa = PBXFileReference; lastKnownFileType = sourcecode.swift; path = TextfieldGeneral.swift; sourceTree = "<group>"; };
		519ABFEB2B9D7A9C007B919E /* TextFieldNumerico.swift */ = {isa = PBXFileReference; lastKnownFileType = sourcecode.swift; path = TextFieldNumerico.swift; sourceTree = "<group>"; };
		519ABFED2B9D8061007B919E /* NewRegPart2.swift */ = {isa = PBXFileReference; lastKnownFileType = sourcecode.swift; path = NewRegPart2.swift; sourceTree = "<group>"; };
		51B28A842BABAB9600667F14 /* ListHomeItemCard.swift */ = {isa = PBXFileReference; lastKnownFileType = sourcecode.swift; path = ListHomeItemCard.swift; sourceTree = "<group>"; };
		51B28A862BABC41A00667F14 /* ButtonTipo.swift */ = {isa = PBXFileReference; lastKnownFileType = sourcecode.swift; path = ButtonTipo.swift; sourceTree = "<group>"; };
		51B28AAC2BAF81B300667F14 /* LogoWarning.swift */ = {isa = PBXFileReference; lastKnownFileType = sourcecode.swift; path = LogoWarning.swift; sourceTree = "<group>"; };
		51B28AAE2BAF842100667F14 /* TarjetasView.swift */ = {isa = PBXFileReference; lastKnownFileType = sourcecode.swift; path = TarjetasView.swift; sourceTree = "<group>"; };
		51BBA6532BAF97F000E2D960 /* ViewModelNewRegistro.swift */ = {isa = PBXFileReference; lastKnownFileType = sourcecode.swift; path = ViewModelNewRegistro.swift; sourceTree = "<group>"; };
		51C09EDE2BC3747200123BA0 /* EnumIconos.swift */ = {isa = PBXFileReference; lastKnownFileType = sourcecode.swift; path = EnumIconos.swift; sourceTree = "<group>"; };
		51D39D502BB6097F00246820 /* DolarViewModel.swift */ = {isa = PBXFileReference; lastKnownFileType = sourcecode.swift; path = DolarViewModel.swift; sourceTree = "<group>"; };
		51D4F0282BA794B0008259E3 /* IngresosView.swift */ = {isa = PBXFileReference; lastKnownFileType = sourcecode.swift; path = IngresosView.swift; sourceTree = "<group>"; };
		51D4F02A2BA7B01F008259E3 /* GastosView.swift */ = {isa = PBXFileReference; lastKnownFileType = sourcecode.swift; path = GastosView.swift; sourceTree = "<group>"; };
		51ED8A332BA91C940079AF36 /* AhorrosView.swift */ = {isa = PBXFileReference; lastKnownFileType = sourcecode.swift; path = AhorrosView.swift; sourceTree = "<group>"; };
		51EF66DA2BB661A2006DB89F /* DolarCard.swift */ = {isa = PBXFileReference; lastKnownFileType = sourcecode.swift; path = DolarCard.swift; sourceTree = "<group>"; };
/* End PBXFileReference section */

/* Begin PBXFrameworksBuildPhase section */
		519ABFAB2B9BD0AD007B919E /* Frameworks */ = {
			isa = PBXFrameworksBuildPhase;
			buildActionMask = 2147483647;
			files = (
			);
			runOnlyForDeploymentPostprocessing = 0;
		};
/* End PBXFrameworksBuildPhase section */

/* Begin PBXGroup section */
		514EE2462BA543A6007C644B /* Listas */ = {
			isa = PBXGroup;
			children = (
				514EE24D2BA54463007C644B /* ListViewItemCard.swift */,
				51B28A842BABAB9600667F14 /* ListHomeItemCard.swift */,
				51870EAE2BB7B0A500FDD7CA /* SideMenuView.swift */,
				51870EB02BB7B1B000FDD7CA /* SideMenuHeaderView.swift */,
				51870EB22BB7B87400FDD7CA /* SideMenuRowView.swift */,
				5152AEC42BBAF87A00F572D7 /* ListViewItem2.swift */,
			);
			path = Listas;
			sourceTree = "<group>";
		};
		514EE2492BA543C5007C644B /* Buttons */ = {
			isa = PBXGroup;
			children = (
				519ABFC72B9D2434007B919E /* CircleVerMas.swift */,
				519ABFE72B9D7970007B919E /* ButtonAceptar.swift */,
				519ABFE52B9D71FC007B919E /* PlusButton2.swift */,
				519ABFDF2B9D61AD007B919E /* PlusButton.swift */,
				51B28A862BABC41A00667F14 /* ButtonTipo.swift */,
				51870EAC2BB78E7500FDD7CA /* ButtonCuadrado.swift */,
			);
			path = Buttons;
			sourceTree = "<group>";
		};
		514EE24A2BA543D8007C644B /* Cards */ = {
			isa = PBXGroup;
			children = (
				519ABFC92B9D249C007B919E /* CardContainer.swift */,
				519ABFCB2B9D2572007B919E /* CardMontoHome.swift */,
				519ABFD92B9D54FE007B919E /* TopCardContainerHome.swift */,
				519ABFCD2B9D2A11007B919E /* InfoNameCard.swift */,
				51EF66DA2BB661A2006DB89F /* DolarCard.swift */,
			);
			path = Cards;
			sourceTree = "<group>";
		};
		514EE24B2BA54413007C644B /* TextFields */ = {
			isa = PBXGroup;
			children = (
				519ABFE92B9D7A18007B919E /* TextfieldGeneral.swift */,
				519ABFEB2B9D7A9C007B919E /* TextFieldNumerico.swift */,
				514EE2182BA0E594007C644B /* MontoTextfield.swift */,
			);
			path = TextFields;
			sourceTree = "<group>";
		};
		514EE24C2BA54423007C644B /* Others */ = {
			isa = PBXGroup;
			children = (
				514EE21D2BA2974E007C644B /* LogoCirclePorTipo.swift */,
				519ABFE32B9D66C2007B919E /* TabBarCustom.swift */,
				51B28AAC2BAF81B300667F14 /* LogoWarning.swift */,
				5152AEC62BBB005300F572D7 /* LogoCirclePorTipoGrande.swift */,
				5149242C2BBDFE7700896874 /* LogoYNombrePorTipo.swift */,
			);
			path = Others;
			sourceTree = "<group>";
		};
		515C88142BB5F2BD007A8BCD /* Managers */ = {
			isa = PBXGroup;
			children = (
				515C88172BB5F3B6007A8BCD /* NetworkManager.swift */,
				515C881B2BB5F50D007A8BCD /* NetworkErrors.swift */,
				515C881D2BB5F568007A8BCD /* DolarEnum.swift */,
			);
			path = Managers;
			sourceTree = "<group>";
		};
		519ABFA52B9BD0AD007B919E = {
			isa = PBXGroup;
			children = (
				519ABFB02B9BD0AD007B919E /* Mangos */,
				519ABFAF2B9BD0AD007B919E /* Products */,
			);
			sourceTree = "<group>";
		};
		519ABFAF2B9BD0AD007B919E /* Products */ = {
			isa = PBXGroup;
			children = (
				519ABFAE2B9BD0AD007B919E /* Mangos.app */,
			);
			name = Products;
			sourceTree = "<group>";
		};
		519ABFB02B9BD0AD007B919E /* Mangos */ = {
			isa = PBXGroup;
			children = (
				519ABFB12B9BD0AD007B919E /* MangosApp.swift */,
				519ABFB52B9BD0AF007B919E /* Assets.xcassets */,
				51C09EDD2BC3745700123BA0 /* Enums */,
				515C88142BB5F2BD007A8BCD /* Managers */,
				519ABFB72B9BD0AF007B919E /* Preview Content */,
				519ABFC12B9CC23D007B919E /* ViewModels */,
				519ABFC02B9CC239007B919E /* Models */,
				519ABFBF2B9CC22E007B919E /* Views */,
				519ABFC22B9CC26A007B919E /* Components */,
			);
			path = Mangos;
			sourceTree = "<group>";
		};
		519ABFB72B9BD0AF007B919E /* Preview Content */ = {
			isa = PBXGroup;
			children = (
				519ABFB82B9BD0AF007B919E /* Preview Assets.xcassets */,
			);
			path = "Preview Content";
			sourceTree = "<group>";
		};
		519ABFBF2B9CC22E007B919E /* Views */ = {
			isa = PBXGroup;
			children = (
				519ABFD12B9D2D9E007B919E /* TabBarView.swift */,
				519ABFB32B9BD0AD007B919E /* Home.swift */,
				514EE2122BA09153007C644B /* ListOfRegistros.swift */,
				514EE2162BA0E461007C644B /* NewRegistroP1.swift */,
				519ABFED2B9D8061007B919E /* NewRegPart2.swift */,
				514924282BBDEA3C00896874 /* CategorysViewSheet.swift */,
				519ABFDB2B9D5571007B919E /* ListOfMovimientos.swift */,
				51D4F0282BA794B0008259E3 /* IngresosView.swift */,
				51D4F02A2BA7B01F008259E3 /* GastosView.swift */,
				51ED8A332BA91C940079AF36 /* AhorrosView.swift */,
				51B28AAE2BAF842100667F14 /* TarjetasView.swift */,
				519ABFD72B9D3334007B919E /* Profile.swift */,
				515C88192BB5F413007A8BCD /* DolarView.swift */,
			);
			path = Views;
			sourceTree = "<group>";
		};
		519ABFC02B9CC239007B919E /* Models */ = {
			isa = PBXGroup;
			children = (
				519ABFCF2B9D2CE2007B919E /* RegistrosModel.swift */,
				519ABFDD2B9D561C007B919E /* AppTheme.swift */,
				514EE2142BA093BF007C644B /* RegistrosList.swift */,
				515C88152BB5F2CE007A8BCD /* DolarModel.swift */,
				5149242A2BBDEC0700896874 /* CategoryModel.swift */,
			);
			path = Models;
			sourceTree = "<group>";
		};
		519ABFC12B9CC23D007B919E /* ViewModels */ = {
			isa = PBXGroup;
			children = (
				519ABFD32B9D2E8D007B919E /* RegistrosViewModel.swift */,
				514EE20E2B9FF0AA007C644B /* ViewModelIngresos.swift */,
				514EE2102B9FFD5A007C644B /* GeneralFunctions.swift */,
				51BBA6532BAF97F000E2D960 /* ViewModelNewRegistro.swift */,
				51D39D502BB6097F00246820 /* DolarViewModel.swift */,
			);
			path = ViewModels;
			sourceTree = "<group>";
		};
		519ABFC22B9CC26A007B919E /* Components */ = {
			isa = PBXGroup;
			children = (
				514EE24B2BA54413007C644B /* TextFields */,
				514EE24A2BA543D8007C644B /* Cards */,
				514EE2492BA543C5007C644B /* Buttons */,
				514EE2462BA543A6007C644B /* Listas */,
				514EE24C2BA54423007C644B /* Others */,
			);
			path = Components;
			sourceTree = "<group>";
		};
		51C09EDD2BC3745700123BA0 /* Enums */ = {
			isa = PBXGroup;
			children = (
				51C09EDE2BC3747200123BA0 /* EnumIconos.swift */,
			);
			path = Enums;
			sourceTree = "<group>";
		};
/* End PBXGroup section */

/* Begin PBXNativeTarget section */
		519ABFAD2B9BD0AD007B919E /* Mangos */ = {
			isa = PBXNativeTarget;
			buildConfigurationList = 519ABFBC2B9BD0AF007B919E /* Build configuration list for PBXNativeTarget "Mangos" */;
			buildPhases = (
				519ABFAA2B9BD0AD007B919E /* Sources */,
				519ABFAB2B9BD0AD007B919E /* Frameworks */,
				519ABFAC2B9BD0AD007B919E /* Resources */,
			);
			buildRules = (
			);
			dependencies = (
			);
			name = Mangos;
			productName = Guita;
			productReference = 519ABFAE2B9BD0AD007B919E /* Mangos.app */;
			productType = "com.apple.product-type.application";
		};
/* End PBXNativeTarget section */

/* Begin PBXProject section */
		519ABFA62B9BD0AD007B919E /* Project object */ = {
			isa = PBXProject;
			attributes = {
				BuildIndependentTargetsInParallel = 1;
				LastSwiftUpdateCheck = 1530;
				LastUpgradeCheck = 1530;
				TargetAttributes = {
					519ABFAD2B9BD0AD007B919E = {
						CreatedOnToolsVersion = 15.3;
					};
				};
			};
			buildConfigurationList = 519ABFA92B9BD0AD007B919E /* Build configuration list for PBXProject "Mangos" */;
			compatibilityVersion = "Xcode 14.0";
			developmentRegion = en;
			hasScannedForEncodings = 0;
			knownRegions = (
				en,
				Base,
			);
			mainGroup = 519ABFA52B9BD0AD007B919E;
			productRefGroup = 519ABFAF2B9BD0AD007B919E /* Products */;
			projectDirPath = "";
			projectRoot = "";
			targets = (
				519ABFAD2B9BD0AD007B919E /* Mangos */,
			);
		};
/* End PBXProject section */

/* Begin PBXResourcesBuildPhase section */
		519ABFAC2B9BD0AD007B919E /* Resources */ = {
			isa = PBXResourcesBuildPhase;
			buildActionMask = 2147483647;
			files = (
				519ABFB92B9BD0AF007B919E /* Preview Assets.xcassets in Resources */,
				519ABFB62B9BD0AF007B919E /* Assets.xcassets in Resources */,
			);
			runOnlyForDeploymentPostprocessing = 0;
		};
/* End PBXResourcesBuildPhase section */

/* Begin PBXSourcesBuildPhase section */
		519ABFAA2B9BD0AD007B919E /* Sources */ = {
			isa = PBXSourcesBuildPhase;
			buildActionMask = 2147483647;
			files = (
				519ABFD02B9D2CE2007B919E /* RegistrosModel.swift in Sources */,
				519ABFE02B9D61AD007B919E /* PlusButton.swift in Sources */,
				51870EAD2BB78E7600FDD7CA /* ButtonCuadrado.swift in Sources */,
				519ABFC82B9D2434007B919E /* CircleVerMas.swift in Sources */,
				5149242B2BBDEC0700896874 /* CategoryModel.swift in Sources */,
				514EE2132BA09153007C644B /* ListOfRegistros.swift in Sources */,
				51D4F0292BA794B0008259E3 /* IngresosView.swift in Sources */,
				5152AEC52BBAF87A00F572D7 /* ListViewItem2.swift in Sources */,
				51BBA6542BAF97F000E2D960 /* ViewModelNewRegistro.swift in Sources */,
				519ABFD42B9D2E8D007B919E /* RegistrosViewModel.swift in Sources */,
				51ED8A342BA91C940079AF36 /* AhorrosView.swift in Sources */,
				519ABFDC2B9D5571007B919E /* ListOfMovimientos.swift in Sources */,
				51870EB32BB7B87400FDD7CA /* SideMenuRowView.swift in Sources */,
				519ABFEE2B9D8061007B919E /* NewRegPart2.swift in Sources */,
				51B28AAD2BAF81B300667F14 /* LogoWarning.swift in Sources */,
				5152AEC72BBB005300F572D7 /* LogoCirclePorTipoGrande.swift in Sources */,
				519ABFD82B9D3334007B919E /* Profile.swift in Sources */,
				5149242D2BBDFE7700896874 /* LogoYNombrePorTipo.swift in Sources */,
				515C88182BB5F3B6007A8BCD /* NetworkManager.swift in Sources */,
				519ABFE62B9D71FC007B919E /* PlusButton2.swift in Sources */,
				519ABFE82B9D7970007B919E /* ButtonAceptar.swift in Sources */,
				514EE21E2BA2974E007C644B /* LogoCirclePorTipo.swift in Sources */,
				519ABFB42B9BD0AD007B919E /* Home.swift in Sources */,
				515C881C2BB5F50D007A8BCD /* NetworkErrors.swift in Sources */,
				514924292BBDEA3C00896874 /* CategorysViewSheet.swift in Sources */,
				51EF66DB2BB661A2006DB89F /* DolarCard.swift in Sources */,
				514EE2112B9FFD5A007C644B /* GeneralFunctions.swift in Sources */,
				514EE2172BA0E461007C644B /* NewRegistroP1.swift in Sources */,
				515C88162BB5F2CE007A8BCD /* DolarModel.swift in Sources */,
				51C09EDF2BC3747200123BA0 /* EnumIconos.swift in Sources */,
				51D39D512BB6097F00246820 /* DolarViewModel.swift in Sources */,
				514EE2152BA093BF007C644B /* RegistrosList.swift in Sources */,
				515C881A2BB5F413007A8BCD /* DolarView.swift in Sources */,
				519ABFCC2B9D2572007B919E /* CardMontoHome.swift in Sources */,
				51B28A872BABC41A00667F14 /* ButtonTipo.swift in Sources */,
				514EE2192BA0E594007C644B /* MontoTextfield.swift in Sources */,
				51B28AAF2BAF842100667F14 /* TarjetasView.swift in Sources */,
				519ABFDA2B9D54FE007B919E /* TopCardContainerHome.swift in Sources */,
				51D4F02B2BA7B01F008259E3 /* GastosView.swift in Sources */,
				519ABFB22B9BD0AD007B919E /* MangosApp.swift in Sources */,
				514EE24E2BA54463007C644B /* ListViewItemCard.swift in Sources */,
				519ABFEA2B9D7A18007B919E /* TextfieldGeneral.swift in Sources */,
				519ABFCE2B9D2A11007B919E /* InfoNameCard.swift in Sources */,
				519ABFE42B9D66C2007B919E /* TabBarCustom.swift in Sources */,
				519ABFDE2B9D561C007B919E /* AppTheme.swift in Sources */,
				515C881E2BB5F568007A8BCD /* DolarEnum.swift in Sources */,
				519ABFEC2B9D7A9C007B919E /* TextFieldNumerico.swift in Sources */,
				519ABFD22B9D2D9E007B919E /* TabBarView.swift in Sources */,
				514EE20F2B9FF0AA007C644B /* ViewModelIngresos.swift in Sources */,
				51870EAF2BB7B0A500FDD7CA /* SideMenuView.swift in Sources */,
				519ABFCA2B9D249C007B919E /* CardContainer.swift in Sources */,
				51B28A852BABAB9600667F14 /* ListHomeItemCard.swift in Sources */,
				51870EB12BB7B1B000FDD7CA /* SideMenuHeaderView.swift in Sources */,
			);
			runOnlyForDeploymentPostprocessing = 0;
		};
/* End PBXSourcesBuildPhase section */

/* Begin XCBuildConfiguration section */
		519ABFBA2B9BD0AF007B919E /* Debug */ = {
			isa = XCBuildConfiguration;
			buildSettings = {
				ALWAYS_SEARCH_USER_PATHS = NO;
				ASSETCATALOG_COMPILER_GENERATE_SWIFT_ASSET_SYMBOL_EXTENSIONS = YES;
				CLANG_ANALYZER_NONNULL = YES;
				CLANG_ANALYZER_NUMBER_OBJECT_CONVERSION = YES_AGGRESSIVE;
				CLANG_CXX_LANGUAGE_STANDARD = "gnu++20";
				CLANG_ENABLE_MODULES = YES;
				CLANG_ENABLE_OBJC_ARC = YES;
				CLANG_ENABLE_OBJC_WEAK = YES;
				CLANG_WARN_BLOCK_CAPTURE_AUTORELEASING = YES;
				CLANG_WARN_BOOL_CONVERSION = YES;
				CLANG_WARN_COMMA = YES;
				CLANG_WARN_CONSTANT_CONVERSION = YES;
				CLANG_WARN_DEPRECATED_OBJC_IMPLEMENTATIONS = YES;
				CLANG_WARN_DIRECT_OBJC_ISA_USAGE = YES_ERROR;
				CLANG_WARN_DOCUMENTATION_COMMENTS = YES;
				CLANG_WARN_EMPTY_BODY = YES;
				CLANG_WARN_ENUM_CONVERSION = YES;
				CLANG_WARN_INFINITE_RECURSION = YES;
				CLANG_WARN_INT_CONVERSION = YES;
				CLANG_WARN_NON_LITERAL_NULL_CONVERSION = YES;
				CLANG_WARN_OBJC_IMPLICIT_RETAIN_SELF = YES;
				CLANG_WARN_OBJC_LITERAL_CONVERSION = YES;
				CLANG_WARN_OBJC_ROOT_CLASS = YES_ERROR;
				CLANG_WARN_QUOTED_INCLUDE_IN_FRAMEWORK_HEADER = YES;
				CLANG_WARN_RANGE_LOOP_ANALYSIS = YES;
				CLANG_WARN_STRICT_PROTOTYPES = YES;
				CLANG_WARN_SUSPICIOUS_MOVE = YES;
				CLANG_WARN_UNGUARDED_AVAILABILITY = YES_AGGRESSIVE;
				CLANG_WARN_UNREACHABLE_CODE = YES;
				CLANG_WARN__DUPLICATE_METHOD_MATCH = YES;
				COPY_PHASE_STRIP = NO;
				DEBUG_INFORMATION_FORMAT = dwarf;
				ENABLE_STRICT_OBJC_MSGSEND = YES;
				ENABLE_TESTABILITY = YES;
				ENABLE_USER_SCRIPT_SANDBOXING = YES;
				GCC_C_LANGUAGE_STANDARD = gnu17;
				GCC_DYNAMIC_NO_PIC = NO;
				GCC_NO_COMMON_BLOCKS = YES;
				GCC_OPTIMIZATION_LEVEL = 0;
				GCC_PREPROCESSOR_DEFINITIONS = (
					"DEBUG=1",
					"$(inherited)",
				);
				GCC_WARN_64_TO_32_BIT_CONVERSION = YES;
				GCC_WARN_ABOUT_RETURN_TYPE = YES_ERROR;
				GCC_WARN_UNDECLARED_SELECTOR = YES;
				GCC_WARN_UNINITIALIZED_AUTOS = YES_AGGRESSIVE;
				GCC_WARN_UNUSED_FUNCTION = YES;
				GCC_WARN_UNUSED_VARIABLE = YES;
				IPHONEOS_DEPLOYMENT_TARGET = 17.4;
				LOCALIZATION_PREFERS_STRING_CATALOGS = YES;
				MTL_ENABLE_DEBUG_INFO = INCLUDE_SOURCE;
				MTL_FAST_MATH = YES;
				ONLY_ACTIVE_ARCH = YES;
				SDKROOT = iphoneos;
				SWIFT_ACTIVE_COMPILATION_CONDITIONS = "DEBUG $(inherited)";
				SWIFT_OPTIMIZATION_LEVEL = "-Onone";
			};
			name = Debug;
		};
		519ABFBB2B9BD0AF007B919E /* Release */ = {
			isa = XCBuildConfiguration;
			buildSettings = {
				ALWAYS_SEARCH_USER_PATHS = NO;
				ASSETCATALOG_COMPILER_GENERATE_SWIFT_ASSET_SYMBOL_EXTENSIONS = YES;
				CLANG_ANALYZER_NONNULL = YES;
				CLANG_ANALYZER_NUMBER_OBJECT_CONVERSION = YES_AGGRESSIVE;
				CLANG_CXX_LANGUAGE_STANDARD = "gnu++20";
				CLANG_ENABLE_MODULES = YES;
				CLANG_ENABLE_OBJC_ARC = YES;
				CLANG_ENABLE_OBJC_WEAK = YES;
				CLANG_WARN_BLOCK_CAPTURE_AUTORELEASING = YES;
				CLANG_WARN_BOOL_CONVERSION = YES;
				CLANG_WARN_COMMA = YES;
				CLANG_WARN_CONSTANT_CONVERSION = YES;
				CLANG_WARN_DEPRECATED_OBJC_IMPLEMENTATIONS = YES;
				CLANG_WARN_DIRECT_OBJC_ISA_USAGE = YES_ERROR;
				CLANG_WARN_DOCUMENTATION_COMMENTS = YES;
				CLANG_WARN_EMPTY_BODY = YES;
				CLANG_WARN_ENUM_CONVERSION = YES;
				CLANG_WARN_INFINITE_RECURSION = YES;
				CLANG_WARN_INT_CONVERSION = YES;
				CLANG_WARN_NON_LITERAL_NULL_CONVERSION = YES;
				CLANG_WARN_OBJC_IMPLICIT_RETAIN_SELF = YES;
				CLANG_WARN_OBJC_LITERAL_CONVERSION = YES;
				CLANG_WARN_OBJC_ROOT_CLASS = YES_ERROR;
				CLANG_WARN_QUOTED_INCLUDE_IN_FRAMEWORK_HEADER = YES;
				CLANG_WARN_RANGE_LOOP_ANALYSIS = YES;
				CLANG_WARN_STRICT_PROTOTYPES = YES;
				CLANG_WARN_SUSPICIOUS_MOVE = YES;
				CLANG_WARN_UNGUARDED_AVAILABILITY = YES_AGGRESSIVE;
				CLANG_WARN_UNREACHABLE_CODE = YES;
				CLANG_WARN__DUPLICATE_METHOD_MATCH = YES;
				COPY_PHASE_STRIP = NO;
				DEBUG_INFORMATION_FORMAT = "dwarf-with-dsym";
				ENABLE_NS_ASSERTIONS = NO;
				ENABLE_STRICT_OBJC_MSGSEND = YES;
				ENABLE_USER_SCRIPT_SANDBOXING = YES;
				GCC_C_LANGUAGE_STANDARD = gnu17;
				GCC_NO_COMMON_BLOCKS = YES;
				GCC_WARN_64_TO_32_BIT_CONVERSION = YES;
				GCC_WARN_ABOUT_RETURN_TYPE = YES_ERROR;
				GCC_WARN_UNDECLARED_SELECTOR = YES;
				GCC_WARN_UNINITIALIZED_AUTOS = YES_AGGRESSIVE;
				GCC_WARN_UNUSED_FUNCTION = YES;
				GCC_WARN_UNUSED_VARIABLE = YES;
				IPHONEOS_DEPLOYMENT_TARGET = 17.4;
				LOCALIZATION_PREFERS_STRING_CATALOGS = YES;
				MTL_ENABLE_DEBUG_INFO = NO;
				MTL_FAST_MATH = YES;
				SDKROOT = iphoneos;
				SWIFT_COMPILATION_MODE = wholemodule;
				VALIDATE_PRODUCT = YES;
			};
			name = Release;
		};
		519ABFBD2B9BD0AF007B919E /* Debug */ = {
			isa = XCBuildConfiguration;
			buildSettings = {
				ASSETCATALOG_COMPILER_APPICON_NAME = AppIcon;
				ASSETCATALOG_COMPILER_GLOBAL_ACCENT_COLOR_NAME = AccentColor;
				CODE_SIGN_STYLE = Automatic;
				CURRENT_PROJECT_VERSION = 1;
				DEVELOPMENT_ASSET_PATHS = "\"Mangos/Preview Content\"";
				DEVELOPMENT_TEAM = HR4FTPUHQH;
				ENABLE_PREVIEWS = YES;
				GENERATE_INFOPLIST_FILE = YES;
				INFOPLIST_KEY_CFBundleDisplayName = Mangos;
				INFOPLIST_KEY_UIApplicationSceneManifest_Generation = YES;
				INFOPLIST_KEY_UIApplicationSupportsIndirectInputEvents = YES;
				INFOPLIST_KEY_UILaunchScreen_Generation = YES;
				INFOPLIST_KEY_UISupportedInterfaceOrientations_iPad = "UIInterfaceOrientationPortrait UIInterfaceOrientationPortraitUpsideDown UIInterfaceOrientationLandscapeLeft UIInterfaceOrientationLandscapeRight";
				INFOPLIST_KEY_UISupportedInterfaceOrientations_iPhone = "UIInterfaceOrientationPortrait UIInterfaceOrientationLandscapeLeft UIInterfaceOrientationLandscapeRight";
				LD_RUNPATH_SEARCH_PATHS = (
					"$(inherited)",
					"@executable_path/Frameworks",
				);
				MARKETING_VERSION = 1.0;
				PRODUCT_BUNDLE_IDENTIFIER = com.gastonfoncea.mangos;
				PRODUCT_NAME = "$(TARGET_NAME)";
				SWIFT_EMIT_LOC_STRINGS = YES;
				SWIFT_VERSION = 5.0;
				TARGETED_DEVICE_FAMILY = "1,2";
			};
			name = Debug;
		};
		519ABFBE2B9BD0AF007B919E /* Release */ = {
			isa = XCBuildConfiguration;
			buildSettings = {
				ASSETCATALOG_COMPILER_APPICON_NAME = AppIcon;
				ASSETCATALOG_COMPILER_GLOBAL_ACCENT_COLOR_NAME = AccentColor;
				CODE_SIGN_STYLE = Automatic;
				CURRENT_PROJECT_VERSION = 1;
				DEVELOPMENT_ASSET_PATHS = "\"Mangos/Preview Content\"";
				DEVELOPMENT_TEAM = HR4FTPUHQH;
				ENABLE_PREVIEWS = YES;
				GENERATE_INFOPLIST_FILE = YES;
				INFOPLIST_KEY_CFBundleDisplayName = Mangos;
				INFOPLIST_KEY_UIApplicationSceneManifest_Generation = YES;
				INFOPLIST_KEY_UIApplicationSupportsIndirectInputEvents = YES;
				INFOPLIST_KEY_UILaunchScreen_Generation = YES;
				INFOPLIST_KEY_UISupportedInterfaceOrientations_iPad = "UIInterfaceOrientationPortrait UIInterfaceOrientationPortraitUpsideDown UIInterfaceOrientationLandscapeLeft UIInterfaceOrientationLandscapeRight";
				INFOPLIST_KEY_UISupportedInterfaceOrientations_iPhone = "UIInterfaceOrientationPortrait UIInterfaceOrientationLandscapeLeft UIInterfaceOrientationLandscapeRight";
				LD_RUNPATH_SEARCH_PATHS = (
					"$(inherited)",
					"@executable_path/Frameworks",
				);
				MARKETING_VERSION = 1.0;
				PRODUCT_BUNDLE_IDENTIFIER = com.gastonfoncea.mangos;
				PRODUCT_NAME = "$(TARGET_NAME)";
				SWIFT_EMIT_LOC_STRINGS = YES;
				SWIFT_VERSION = 5.0;
				TARGETED_DEVICE_FAMILY = "1,2";
			};
			name = Release;
		};
/* End XCBuildConfiguration section */

/* Begin XCConfigurationList section */
		519ABFA92B9BD0AD007B919E /* Build configuration list for PBXProject "Mangos" */ = {
			isa = XCConfigurationList;
			buildConfigurations = (
				519ABFBA2B9BD0AF007B919E /* Debug */,
				519ABFBB2B9BD0AF007B919E /* Release */,
			);
			defaultConfigurationIsVisible = 0;
			defaultConfigurationName = Release;
		};
		519ABFBC2B9BD0AF007B919E /* Build configuration list for PBXNativeTarget "Mangos" */ = {
			isa = XCConfigurationList;
			buildConfigurations = (
				519ABFBD2B9BD0AF007B919E /* Debug */,
				519ABFBE2B9BD0AF007B919E /* Release */,
			);
			defaultConfigurationIsVisible = 0;
			defaultConfigurationName = Release;
		};
/* End XCConfigurationList section */
	};
	rootObject = 519ABFA62B9BD0AD007B919E /* Project object */;
}
